// !$*UTF8*$!
{
	archiveVersion = 1;
	classes = {
	};
	objectVersion = 50;
	objects = {

/* Begin PBXBuildFile section */
		9C389EE82563DCF1007A01A2 /* AppDelegate.swift in Sources */ = {isa = PBXBuildFile; fileRef = 9C389EE72563DCF1007A01A2 /* AppDelegate.swift */; };
		9C389EEA2563DCF1007A01A2 /* SceneDelegate.swift in Sources */ = {isa = PBXBuildFile; fileRef = 9C389EE92563DCF1007A01A2 /* SceneDelegate.swift */; };
		9C389EEC2563DCF1007A01A2 /* ViewController.swift in Sources */ = {isa = PBXBuildFile; fileRef = 9C389EEB2563DCF1007A01A2 /* ViewController.swift */; };
		9C389EEF2563DCF1007A01A2 /* Main.storyboard in Resources */ = {isa = PBXBuildFile; fileRef = 9C389EED2563DCF1007A01A2 /* Main.storyboard */; };
		9C389EF12563DCF6007A01A2 /* Assets.xcassets in Resources */ = {isa = PBXBuildFile; fileRef = 9C389EF02563DCF6007A01A2 /* Assets.xcassets */; };
		9C389EF42563DCF6007A01A2 /* LaunchScreen.storyboard in Resources */ = {isa = PBXBuildFile; fileRef = 9C389EF22563DCF6007A01A2 /* LaunchScreen.storyboard */; };
		9C389EFF2563DCF7007A01A2 /* TouchIventTests.swift in Sources */ = {isa = PBXBuildFile; fileRef = 9C389EFE2563DCF7007A01A2 /* TouchIventTests.swift */; };
		9C389F0A2563DCF7007A01A2 /* TouchIventUITests.swift in Sources */ = {isa = PBXBuildFile; fileRef = 9C389F092563DCF7007A01A2 /* TouchIventUITests.swift */; };
/* End PBXBuildFile section */

/* Begin PBXContainerItemProxy section */
		9C389EFB2563DCF7007A01A2 /* PBXContainerItemProxy */ = {
			isa = PBXContainerItemProxy;
			containerPortal = 9C389EDC2563DCF1007A01A2 /* Project object */;
			proxyType = 1;
			remoteGlobalIDString = 9C389EE32563DCF1007A01A2;
			remoteInfo = TouchIvent;
		};
		9C389F062563DCF7007A01A2 /* PBXContainerItemProxy */ = {
			isa = PBXContainerItemProxy;
			containerPortal = 9C389EDC2563DCF1007A01A2 /* Project object */;
			proxyType = 1;
			remoteGlobalIDString = 9C389EE32563DCF1007A01A2;
			remoteInfo = TouchIvent;
		};
/* End PBXContainerItemProxy section */

/* Begin PBXFileReference section */
		9C389EE42563DCF1007A01A2 /* TouchIvent.app */ = {isa = PBXFileReference; explicitFileType = wrapper.application; includeInIndex = 0; path = TouchIvent.app; sourceTree = BUILT_PRODUCTS_DIR; };
		9C389EE72563DCF1007A01A2 /* AppDelegate.swift */ = {isa = PBXFileReference; lastKnownFileType = sourcecode.swift; path = AppDelegate.swift; sourceTree = "<group>"; };
		9C389EE92563DCF1007A01A2 /* SceneDelegate.swift */ = {isa = PBXFileReference; lastKnownFileType = sourcecode.swift; path = SceneDelegate.swift; sourceTree = "<group>"; };
		9C389EEB2563DCF1007A01A2 /* ViewController.swift */ = {isa = PBXFileReference; lastKnownFileType = sourcecode.swift; path = ViewController.swift; sourceTree = "<group>"; };
		9C389EEE2563DCF1007A01A2 /* Base */ = {isa = PBXFileReference; lastKnownFileType = file.storyboard; name = Base; path = Base.lproj/Main.storyboard; sourceTree = "<group>"; };
		9C389EF02563DCF6007A01A2 /* Assets.xcassets */ = {isa = PBXFileReference; lastKnownFileType = folder.assetcatalog; path = Assets.xcassets; sourceTree = "<group>"; };
		9C389EF32563DCF6007A01A2 /* Base */ = {isa = PBXFileReference; lastKnownFileType = file.storyboard; name = Base; path = Base.lproj/LaunchScreen.storyboard; sourceTree = "<group>"; };
		9C389EF52563DCF6007A01A2 /* Info.plist */ = {isa = PBXFileReference; lastKnownFileType = text.plist.xml; path = Info.plist; sourceTree = "<group>"; };
		9C389EFA2563DCF7007A01A2 /* TouchIventTests.xctest */ = {isa = PBXFileReference; explicitFileType = wrapper.cfbundle; includeInIndex = 0; path = TouchIventTests.xctest; sourceTree = BUILT_PRODUCTS_DIR; };
		9C389EFE2563DCF7007A01A2 /* TouchIventTests.swift */ = {isa = PBXFileReference; lastKnownFileType = sourcecode.swift; path = TouchIventTests.swift; sourceTree = "<group>"; };
		9C389F002563DCF7007A01A2 /* Info.plist */ = {isa = PBXFileReference; lastKnownFileType = text.plist.xml; path = Info.plist; sourceTree = "<group>"; };
		9C389F052563DCF7007A01A2 /* TouchIventUITests.xctest */ = {isa = PBXFileReference; explicitFileType = wrapper.cfbundle; includeInIndex = 0; path = TouchIventUITests.xctest; sourceTree = BUILT_PRODUCTS_DIR; };
		9C389F092563DCF7007A01A2 /* TouchIventUITests.swift */ = {isa = PBXFileReference; lastKnownFileType = sourcecode.swift; path = TouchIventUITests.swift; sourceTree = "<group>"; };
		9C389F0B2563DCF7007A01A2 /* Info.plist */ = {isa = PBXFileReference; lastKnownFileType = text.plist.xml; path = Info.plist; sourceTree = "<group>"; };
/* End PBXFileReference section */

/* Begin PBXFrameworksBuildPhase section */
		9C389EE12563DCF1007A01A2 /* Frameworks */ = {
			isa = PBXFrameworksBuildPhase;
			buildActionMask = 2147483647;
			files = (
			);
			runOnlyForDeploymentPostprocessing = 0;
		};
		9C389EF72563DCF7007A01A2 /* Frameworks */ = {
			isa = PBXFrameworksBuildPhase;
			buildActionMask = 2147483647;
			files = (
			);
			runOnlyForDeploymentPostprocessing = 0;
		};
		9C389F022563DCF7007A01A2 /* Frameworks */ = {
			isa = PBXFrameworksBuildPhase;
			buildActionMask = 2147483647;
			files = (
			);
			runOnlyForDeploymentPostprocessing = 0;
		};
/* End PBXFrameworksBuildPhase section */

/* Begin PBXGroup section */
		9C389EDB2563DCF1007A01A2 = {
			isa = PBXGroup;
			children = (
				9C389EE62563DCF1007A01A2 /* TouchIvent */,
				9C389EFD2563DCF7007A01A2 /* TouchIventTests */,
				9C389F082563DCF7007A01A2 /* TouchIventUITests */,
				9C389EE52563DCF1007A01A2 /* Products */,
			);
			sourceTree = "<group>";
		};
		9C389EE52563DCF1007A01A2 /* Products */ = {
			isa = PBXGroup;
			children = (
				9C389EE42563DCF1007A01A2 /* TouchIvent.app */,
				9C389EFA2563DCF7007A01A2 /* TouchIventTests.xctest */,
				9C389F052563DCF7007A01A2 /* TouchIventUITests.xctest */,
			);
			name = Products;
			sourceTree = "<group>";
		};
		9C389EE62563DCF1007A01A2 /* TouchIvent */ = {
			isa = PBXGroup;
			children = (
				9C389EE72563DCF1007A01A2 /* AppDelegate.swift */,
				9C389EE92563DCF1007A01A2 /* SceneDelegate.swift */,
				9C389EEB2563DCF1007A01A2 /* ViewController.swift */,
				9C389EED2563DCF1007A01A2 /* Main.storyboard */,
				9C389EF02563DCF6007A01A2 /* Assets.xcassets */,
				9C389EF22563DCF6007A01A2 /* LaunchScreen.storyboard */,
				9C389EF52563DCF6007A01A2 /* Info.plist */,
			);
			path = TouchIvent;
			sourceTree = "<group>";
		};
		9C389EFD2563DCF7007A01A2 /* TouchIventTests */ = {
			isa = PBXGroup;
			children = (
				9C389EFE2563DCF7007A01A2 /* TouchIventTests.swift */,
				9C389F002563DCF7007A01A2 /* Info.plist */,
			);
			path = TouchIventTests;
			sourceTree = "<group>";
		};
		9C389F082563DCF7007A01A2 /* TouchIventUITests */ = {
			isa = PBXGroup;
			children = (
				9C389F092563DCF7007A01A2 /* TouchIventUITests.swift */,
				9C389F0B2563DCF7007A01A2 /* Info.plist */,
			);
			path = TouchIventUITests;
			sourceTree = "<group>";
		};
/* End PBXGroup section */

/* Begin PBXNativeTarget section */
		9C389EE32563DCF1007A01A2 /* TouchIvent */ = {
			isa = PBXNativeTarget;
			buildConfigurationList = 9C389F0E2563DCF7007A01A2 /* Build configuration list for PBXNativeTarget "TouchIvent" */;
			buildPhases = (
				9C389EE02563DCF1007A01A2 /* Sources */,
				9C389EE12563DCF1007A01A2 /* Frameworks */,
				9C389EE22563DCF1007A01A2 /* Resources */,
			);
			buildRules = (
			);
			dependencies = (
			);
			name = TouchIvent;
			productName = TouchIvent;
			productReference = 9C389EE42563DCF1007A01A2 /* TouchIvent.app */;
			productType = "com.apple.product-type.application";
		};
		9C389EF92563DCF7007A01A2 /* TouchIventTests */ = {
			isa = PBXNativeTarget;
			buildConfigurationList = 9C389F112563DCF7007A01A2 /* Build configuration list for PBXNativeTarget "TouchIventTests" */;
			buildPhases = (
				9C389EF62563DCF7007A01A2 /* Sources */,
				9C389EF72563DCF7007A01A2 /* Frameworks */,
				9C389EF82563DCF7007A01A2 /* Resources */,
			);
			buildRules = (
			);
			dependencies = (
				9C389EFC2563DCF7007A01A2 /* PBXTargetDependency */,
			);
			name = TouchIventTests;
			productName = TouchIventTests;
			productReference = 9C389EFA2563DCF7007A01A2 /* TouchIventTests.xctest */;
			productType = "com.apple.product-type.bundle.unit-test";
		};
		9C389F042563DCF7007A01A2 /* TouchIventUITests */ = {
			isa = PBXNativeTarget;
			buildConfigurationList = 9C389F142563DCF7007A01A2 /* Build configuration list for PBXNativeTarget "TouchIventUITests" */;
			buildPhases = (
				9C389F012563DCF7007A01A2 /* Sources */,
				9C389F022563DCF7007A01A2 /* Frameworks */,
				9C389F032563DCF7007A01A2 /* Resources */,
			);
			buildRules = (
			);
			dependencies = (
				9C389F072563DCF7007A01A2 /* PBXTargetDependency */,
			);
			name = TouchIventUITests;
			productName = TouchIventUITests;
			productReference = 9C389F052563DCF7007A01A2 /* TouchIventUITests.xctest */;
			productType = "com.apple.product-type.bundle.ui-testing";
		};
/* End PBXNativeTarget section */

/* Begin PBXProject section */
		9C389EDC2563DCF1007A01A2 /* Project object */ = {
			isa = PBXProject;
			attributes = {
				LastSwiftUpdateCheck = 1210;
				LastUpgradeCheck = 1210;
				TargetAttributes = {
					9C389EE32563DCF1007A01A2 = {
						CreatedOnToolsVersion = 12.1;
					};
					9C389EF92563DCF7007A01A2 = {
						CreatedOnToolsVersion = 12.1;
						TestTargetID = 9C389EE32563DCF1007A01A2;
					};
					9C389F042563DCF7007A01A2 = {
						CreatedOnToolsVersion = 12.1;
						TestTargetID = 9C389EE32563DCF1007A01A2;
					};
				};
			};
			buildConfigurationList = 9C389EDF2563DCF1007A01A2 /* Build configuration list for PBXProject "TouchIvent" */;
			compatibilityVersion = "Xcode 9.3";
			developmentRegion = en;
			hasScannedForEncodings = 0;
			knownRegions = (
				en,
				Base,
			);
			mainGroup = 9C389EDB2563DCF1007A01A2;
			productRefGroup = 9C389EE52563DCF1007A01A2 /* Products */;
			projectDirPath = "";
			projectRoot = "";
			targets = (
				9C389EE32563DCF1007A01A2 /* TouchIvent */,
				9C389EF92563DCF7007A01A2 /* TouchIventTests */,
				9C389F042563DCF7007A01A2 /* TouchIventUITests */,
			);
		};
/* End PBXProject section */

/* Begin PBXResourcesBuildPhase section */
		9C389EE22563DCF1007A01A2 /* Resources */ = {
			isa = PBXResourcesBuildPhase;
			buildActionMask = 2147483647;
			files = (
				9C389EF42563DCF6007A01A2 /* LaunchScreen.storyboard in Resources */,
				9C389EF12563DCF6007A01A2 /* Assets.xcassets in Resources */,
				9C389EEF2563DCF1007A01A2 /* Main.storyboard in Resources */,
			);
			runOnlyForDeploymentPostprocessing = 0;
		};
		9C389EF82563DCF7007A01A2 /* Resources */ = {
			isa = PBXResourcesBuildPhase;
			buildActionMask = 2147483647;
			files = (
			);
			runOnlyForDeploymentPostprocessing = 0;
		};
		9C389F032563DCF7007A01A2 /* Resources */ = {
			isa = PBXResourcesBuildPhase;
			buildActionMask = 2147483647;
			files = (
			);
			runOnlyForDeploymentPostprocessing = 0;
		};
/* End PBXResourcesBuildPhase section */

/* Begin PBXSourcesBuildPhase section */
		9C389EE02563DCF1007A01A2 /* Sources */ = {
			isa = PBXSourcesBuildPhase;
			buildActionMask = 2147483647;
			files = (
				9C389EEC2563DCF1007A01A2 /* ViewController.swift in Sources */,
				9C389EE82563DCF1007A01A2 /* AppDelegate.swift in Sources */,
				9C389EEA2563DCF1007A01A2 /* SceneDelegate.swift in Sources */,
			);
			runOnlyForDeploymentPostprocessing = 0;
		};
		9C389EF62563DCF7007A01A2 /* Sources */ = {
			isa = PBXSourcesBuildPhase;
			buildActionMask = 2147483647;
			files = (
				9C389EFF2563DCF7007A01A2 /* TouchIventTests.swift in Sources */,
			);
			runOnlyForDeploymentPostprocessing = 0;
		};
		9C389F012563DCF7007A01A2 /* Sources */ = {
			isa = PBXSourcesBuildPhase;
			buildActionMask = 2147483647;
			files = (
				9C389F0A2563DCF7007A01A2 /* TouchIventUITests.swift in Sources */,
			);
			runOnlyForDeploymentPostprocessing = 0;
		};
/* End PBXSourcesBuildPhase section */

/* Begin PBXTargetDependency section */
		9C389EFC2563DCF7007A01A2 /* PBXTargetDependency */ = {
			isa = PBXTargetDependency;
			target = 9C389EE32563DCF1007A01A2 /* TouchIvent */;
			targetProxy = 9C389EFB2563DCF7007A01A2 /* PBXContainerItemProxy */;
		};
		9C389F072563DCF7007A01A2 /* PBXTargetDependency */ = {
			isa = PBXTargetDependency;
			target = 9C389EE32563DCF1007A01A2 /* TouchIvent */;
			targetProxy = 9C389F062563DCF7007A01A2 /* PBXContainerItemProxy */;
		};
/* End PBXTargetDependency section */

/* Begin PBXVariantGroup section */
		9C389EED2563DCF1007A01A2 /* Main.storyboard */ = {
			isa = PBXVariantGroup;
			children = (
				9C389EEE2563DCF1007A01A2 /* Base */,
			);
			name = Main.storyboard;
			sourceTree = "<group>";
		};
		9C389EF22563DCF6007A01A2 /* LaunchScreen.storyboard */ = {
			isa = PBXVariantGroup;
			children = (
				9C389EF32563DCF6007A01A2 /* Base */,
			);
			name = LaunchScreen.storyboard;
			sourceTree = "<group>";
		};
/* End PBXVariantGroup section */

/* Begin XCBuildConfiguration section */
		9C389F0C2563DCF7007A01A2 /* Debug */ = {
			isa = XCBuildConfiguration;
			buildSettings = {
				ALWAYS_SEARCH_USER_PATHS = NO;
				CLANG_ANALYZER_NONNULL = YES;
				CLANG_ANALYZER_NUMBER_OBJECT_CONVERSION = YES_AGGRESSIVE;
				CLANG_CXX_LANGUAGE_STANDARD = "gnu++14";
				CLANG_CXX_LIBRARY = "libc++";
				CLANG_ENABLE_MODULES = YES;
				CLANG_ENABLE_OBJC_ARC = YES;
				CLANG_ENABLE_OBJC_WEAK = YES;
				CLANG_WARN_BLOCK_CAPTURE_AUTORELEASING = YES;
				CLANG_WARN_BOOL_CONVERSION = YES;
				CLANG_WARN_COMMA = YES;
				CLANG_WARN_CONSTANT_CONVERSION = YES;
				CLANG_WARN_DEPRECATED_OBJC_IMPLEMENTATIONS = YES;
				CLANG_WARN_DIRECT_OBJC_ISA_USAGE = YES_ERROR;
				CLANG_WARN_DOCUMENTATION_COMMENTS = YES;
				CLANG_WARN_EMPTY_BODY = YES;
				CLANG_WARN_ENUM_CONVERSION = YES;
				CLANG_WARN_INFINITE_RECURSION = YES;
				CLANG_WARN_INT_CONVERSION = YES;
				CLANG_WARN_NON_LITERAL_NULL_CONVERSION = YES;
				CLANG_WARN_OBJC_IMPLICIT_RETAIN_SELF = YES;
				CLANG_WARN_OBJC_LITERAL_CONVERSION = YES;
				CLANG_WARN_OBJC_ROOT_CLASS = YES_ERROR;
				CLANG_WARN_QUOTED_INCLUDE_IN_FRAMEWORK_HEADER = YES;
				CLANG_WARN_RANGE_LOOP_ANALYSIS = YES;
				CLANG_WARN_STRICT_PROTOTYPES = YES;
				CLANG_WARN_SUSPICIOUS_MOVE = YES;
				CLANG_WARN_UNGUARDED_AVAILABILITY = YES_AGGRESSIVE;
				CLANG_WARN_UNREACHABLE_CODE = YES;
				CLANG_WARN__DUPLICATE_METHOD_MATCH = YES;
				COPY_PHASE_STRIP = NO;
				DEBUG_INFORMATION_FORMAT = dwarf;
				ENABLE_STRICT_OBJC_MSGSEND = YES;
				ENABLE_TESTABILITY = YES;
				GCC_C_LANGUAGE_STANDARD = gnu11;
				GCC_DYNAMIC_NO_PIC = NO;
				GCC_NO_COMMON_BLOCKS = YES;
				GCC_OPTIMIZATION_LEVEL = 0;
				GCC_PREPROCESSOR_DEFINITIONS = (
					"DEBUG=1",
					"$(inherited)",
				);
				GCC_WARN_64_TO_32_BIT_CONVERSION = YES;
				GCC_WARN_ABOUT_RETURN_TYPE = YES_ERROR;
				GCC_WARN_UNDECLARED_SELECTOR = YES;
				GCC_WARN_UNINITIALIZED_AUTOS = YES_AGGRESSIVE;
				GCC_WARN_UNUSED_FUNCTION = YES;
				GCC_WARN_UNUSED_VARIABLE = YES;
				IPHONEOS_DEPLOYMENT_TARGET = 14.1;
				MTL_ENABLE_DEBUG_INFO = INCLUDE_SOURCE;
				MTL_FAST_MATH = YES;
				ONLY_ACTIVE_ARCH = YES;
				SDKROOT = iphoneos;
				SWIFT_ACTIVE_COMPILATION_CONDITIONS = DEBUG;
				SWIFT_OPTIMIZATION_LEVEL = "-Onone";
			};
			name = Debug;
		};
		9C389F0D2563DCF7007A01A2 /* Release */ = {
			isa = XCBuildConfiguration;
			buildSettings = {
				ALWAYS_SEARCH_USER_PATHS = NO;
				CLANG_ANALYZER_NONNULL = YES;
				CLANG_ANALYZER_NUMBER_OBJECT_CONVERSION = YES_AGGRESSIVE;
				CLANG_CXX_LANGUAGE_STANDARD = "gnu++14";
				CLANG_CXX_LIBRARY = "libc++";
				CLANG_ENABLE_MODULES = YES;
				CLANG_ENABLE_OBJC_ARC = YES;
				CLANG_ENABLE_OBJC_WEAK = YES;
				CLANG_WARN_BLOCK_CAPTURE_AUTORELEASING = YES;
				CLANG_WARN_BOOL_CONVERSION = YES;
				CLANG_WARN_COMMA = YES;
				CLANG_WARN_CONSTANT_CONVERSION = YES;
				CLANG_WARN_DEPRECATED_OBJC_IMPLEMENTATIONS = YES;
				CLANG_WARN_DIRECT_OBJC_ISA_USAGE = YES_ERROR;
				CLANG_WARN_DOCUMENTATION_COMMENTS = YES;
				CLANG_WARN_EMPTY_BODY = YES;
				CLANG_WARN_ENUM_CONVERSION = YES;
				CLANG_WARN_INFINITE_RECURSION = YES;
				CLANG_WARN_INT_CONVERSION = YES;
				CLANG_WARN_NON_LITERAL_NULL_CONVERSION = YES;
				CLANG_WARN_OBJC_IMPLICIT_RETAIN_SELF = YES;
				CLANG_WARN_OBJC_LITERAL_CONVERSION = YES;
				CLANG_WARN_OBJC_ROOT_CLASS = YES_ERROR;
				CLANG_WARN_QUOTED_INCLUDE_IN_FRAMEWORK_HEADER = YES;
				CLANG_WARN_RANGE_LOOP_ANALYSIS = YES;
				CLANG_WARN_STRICT_PROTOTYPES = YES;
				CLANG_WARN_SUSPICIOUS_MOVE = YES;
				CLANG_WARN_UNGUARDED_AVAILABILITY = YES_AGGRESSIVE;
				CLANG_WARN_UNREACHABLE_CODE = YES;
				CLANG_WARN__DUPLICATE_METHOD_MATCH = YES;
				COPY_PHASE_STRIP = NO;
				DEBUG_INFORMATION_FORMAT = "dwarf-with-dsym";
				ENABLE_NS_ASSERTIONS = NO;
				ENABLE_STRICT_OBJC_MSGSEND = YES;
				GCC_C_LANGUAGE_STANDARD = gnu11;
				GCC_NO_COMMON_BLOCKS = YES;
				GCC_WARN_64_TO_32_BIT_CONVERSION = YES;
				GCC_WARN_ABOUT_RETURN_TYPE = YES_ERROR;
				GCC_WARN_UNDECLARED_SELECTOR = YES;
				GCC_WARN_UNINITIALIZED_AUTOS = YES_AGGRESSIVE;
				GCC_WARN_UNUSED_FUNCTION = YES;
				GCC_WARN_UNUSED_VARIABLE = YES;
				IPHONEOS_DEPLOYMENT_TARGET = 14.1;
				MTL_ENABLE_DEBUG_INFO = NO;
				MTL_FAST_MATH = YES;
				SDKROOT = iphoneos;
				SWIFT_COMPILATION_MODE = wholemodule;
				SWIFT_OPTIMIZATION_LEVEL = "-O";
				VALIDATE_PRODUCT = YES;
			};
			name = Release;
		};
		9C389F0F2563DCF7007A01A2 /* Debug */ = {
			isa = XCBuildConfiguration;
			buildSettings = {
				ASSETCATALOG_COMPILER_APPICON_NAME = AppIcon;
				ASSETCATALOG_COMPILER_GLOBAL_ACCENT_COLOR_NAME = AccentColor;
				CODE_SIGN_STYLE = Automatic;
				DEVELOPMENT_TEAM = 83B85M254B;
				INFOPLIST_FILE = TouchIvent/Info.plist;
				LD_RUNPATH_SEARCH_PATHS = (
					"$(inherited)",
					"@executable_path/Frameworks",
				);
				PRODUCT_BUNDLE_IDENTIFIER = app.matsushima.mukku.TouchIvent;
				PRODUCT_NAME = "$(TARGET_NAME)";
				SWIFT_VERSION = 5.0;
				TARGETED_DEVICE_FAMILY = "1,2";
			};
			name = Debug;
		};
		9C389F102563DCF7007A01A2 /* Release */ = {
			isa = XCBuildConfiguration;
			buildSettings = {
				ASSETCATALOG_COMPILER_APPICON_NAME = AppIcon;
				ASSETCATALOG_COMPILER_GLOBAL_ACCENT_COLOR_NAME = AccentColor;
				CODE_SIGN_STYLE = Automatic;
				DEVELOPMENT_TEAM = 83B85M254B;
				INFOPLIST_FILE = TouchIvent/Info.plist;
				LD_RUNPATH_SEARCH_PATHS = (
					"$(inherited)",
					"@executable_path/Frameworks",
				);
				PRODUCT_BUNDLE_IDENTIFIER = app.matsushima.mukku.TouchIvent;
				PRODUCT_NAME = "$(TARGET_NAME)";
				SWIFT_VERSION = 5.0;
				TARGETED_DEVICE_FAMILY = "1,2";
			};
			name = Release;
		};
		9C389F122563DCF7007A01A2 /* Debug */ = {
			isa = XCBuildConfiguration;
			buildSettings = {
				ALWAYS_EMBED_SWIFT_STANDARD_LIBRARIES = YES;
				BUNDLE_LOADER = "$(TEST_HOST)";
				CODE_SIGN_STYLE = Automatic;
				DEVELOPMENT_TEAM = 83B85M254B;
				INFOPLIST_FILE = TouchIventTests/Info.plist;
				IPHONEOS_DEPLOYMENT_TARGET = 14.1;
				LD_RUNPATH_SEARCH_PATHS = (
					"$(inherited)",
					"@executable_path/Frameworks",
					"@loader_path/Frameworks",
				);
				PRODUCT_BUNDLE_IDENTIFIER = app.matsushima.mukku.TouchIventTests;
				PRODUCT_NAME = "$(TARGET_NAME)";
				SWIFT_VERSION = 5.0;
				TARGETED_DEVICE_FAMILY = "1,2";
				TEST_HOST = "$(BUILT_PRODUCTS_DIR)/TouchIvent.app/TouchIvent";
			};
			name = Debug;
		};
		9C389F132563DCF7007A01A2 /* Release */ = {
			isa = XCBuildConfiguration;
			buildSettings = {
				ALWAYS_EMBED_SWIFT_STANDARD_LIBRARIES = YES;
				BUNDLE_LOADER = "$(TEST_HOST)";
				CODE_SIGN_STYLE = Automatic;
				DEVELOPMENT_TEAM = 83B85M254B;
				INFOPLIST_FILE = TouchIventTests/Info.plist;
				IPHONEOS_DEPLOYMENT_TARGET = 14.1;
				LD_RUNPATH_SEARCH_PATHS = (
					"$(inherited)",
					"@executable_path/Frameworks",
					"@loader_path/Frameworks",
				);
				PRODUCT_BUNDLE_IDENTIFIER = app.matsushima.mukku.TouchIventTests;
				PRODUCT_NAME = "$(TARGET_NAME)";
				SWIFT_VERSION = 5.0;
				TARGETED_DEVICE_FAMILY = "1,2";
				TEST_HOST = "$(BUILT_PRODUCTS_DIR)/TouchIvent.app/TouchIvent";
			};
			name = Release;
		};
		9C389F152563DCF7007A01A2 /* Debug */ = {
			isa = XCBuildConfiguration;
			buildSettings = {
				ALWAYS_EMBED_SWIFT_STANDARD_LIBRARIES = YES;
				CODE_SIGN_STYLE = Automatic;
				DEVELOPMENT_TEAM = 83B85M254B;
				INFOPLIST_FILE = TouchIventUITests/Info.plist;
				LD_RUNPATH_SEARCH_PATHS = (
					"$(inherited)",
					"@executable_path/Frameworks",
					"@loader_path/Frameworks",
				);
				PRODUCT_BUNDLE_IDENTIFIER = app.matsushima.mukku.TouchIventUITests;
				PRODUCT_NAME = "$(TARGET_NAME)";
				SWIFT_VERSION = 5.0;
				TARGETED_DEVICE_FAMILY = "1,2";
				TEST_TARGET_NAME = TouchIvent;
			};
			name = Debug;
		};
		9C389F162563DCF7007A01A2 /* Release */ = {
			isa = XCBuildConfiguration;
			buildSettings = {
				ALWAYS_EMBED_SWIFT_STANDARD_LIBRARIES = YES;
				CODE_SIGN_STYLE = Automatic;
				DEVELOPMENT_TEAM = 83B85M254B;
				INFOPLIST_FILE = TouchIventUITests/Info.plist;
				LD_RUNPATH_SEARCH_PATHS = (
					"$(inherited)",
					"@executable_path/Frameworks",
					"@loader_path/Frameworks",
				);
				PRODUCT_BUNDLE_IDENTIFIER = app.matsushima.mukku.TouchIventUITests;
				PRODUCT_NAME = "$(TARGET_NAME)";
				SWIFT_VERSION = 5.0;
				TARGETED_DEVICE_FAMILY = "1,2";
				TEST_TARGET_NAME = TouchIvent;
			};
			name = Release;
		};
/* End XCBuildConfiguration section */

/* Begin XCConfigurationList section */
		9C389EDF2563DCF1007A01A2 /* Build configuration list for PBXProject "TouchIvent" */ = {
			isa = XCConfigurationList;
			buildConfigurations = (
				9C389F0C2563DCF7007A01A2 /* Debug */,
				9C389F0D2563DCF7007A01A2 /* Release */,
			);
			defaultConfigurationIsVisible = 0;
			defaultConfigurationName = Release;
		};
		9C389F0E2563DCF7007A01A2 /* Build configuration list for PBXNativeTarget "TouchIvent" */ = {
			isa = XCConfigurationList;
			buildConfigurations = (
				9C389F0F2563DCF7007A01A2 /* Debug */,
				9C389F102563DCF7007A01A2 /* Release */,
			);
			defaultConfigurationIsVisible = 0;
			defaultConfigurationName = Release;
		};
		9C389F112563DCF7007A01A2 /* Build configuration list for PBXNativeTarget "TouchIventTests" */ = {
			isa = XCConfigurationList;
			buildConfigurations = (
				9C389F122563DCF7007A01A2 /* Debug */,
				9C389F132563DCF7007A01A2 /* Release */,
			);
			defaultConfigurationIsVisible = 0;
			defaultConfigurationName = Release;
		};
		9C389F142563DCF7007A01A2 /* Build configuration list for PBXNativeTarget "TouchIventUITests" */ = {
			isa = XCConfigurationList;
			buildConfigurations = (
				9C389F152563DCF7007A01A2 /* Debug */,
				9C389F162563DCF7007A01A2 /* Release */,
			);
			defaultConfigurationIsVisible = 0;
			defaultConfigurationName = Release;
		};
/* End XCConfigurationList section */
	};
	rootObject = 9C389EDC2563DCF1007A01A2 /* Project object */;
}
